
Microsoft Visual Studio Solution File, Format Version 12.00
# Visual Studio Version 16
VisualStudioVersion = 16.0.33027.164
MinimumVisualStudioVersion = 10.0.40219.1
Project("{FAE04EC0-301F-11D3-BF4B-00C04F79EFBC}") = "WebAPI", "WebAPI\WebAPI.csproj", "{EC7C7B0E-70AF-4B2A-8F82-3AD7FD9EB139}"
EndProject
Global
	GlobalSection(SolutionConfigurationPlatforms) = preSolution
		Debug|Any CPU = Debug|Any CPU
		Release|Any CPU = Release|Any CPU
	EndGlobalSection
	GlobalSection(ProjectConfigurationPlatforms) = postSolution
		{EC7C7B0E-70AF-4B2A-8F82-3AD7FD9EB139}.Debug|Any CPU.ActiveCfg = Debug|Any CPU
		{EC7C7B0E-70AF-4B2A-8F82-3AD7FD9EB139}.Debug|Any CPU.Build.0 = Debug|Any CPU
		{EC7C7B0E-70AF-4B2A-8F82-3AD7FD9EB139}.Release|Any CPU.ActiveCfg = Release|Any CPU
		{EC7C7B0E-70AF-4B2A-8F82-3AD7FD9EB139}.Release|Any CPU.Build.0 = Release|Any CPU
	EndGlobalSection
	GlobalSection(SolutionProperties) = preSolution
		HideSolutionNode = FALSE
	EndGlobalSection
	GlobalSection(ExtensibilityGlobals) = postSolution
		SolutionGuid = {85D07567-79A2-47A4-91E1-CCD7D272540A}
	EndGlobalSection
EndGlobal
